<Solution>
  <Project Path="TacticalPort.Matchmaking.csproj" />
  <Project Path="TacticalPort.Networking.csproj" />
  <Project Path="TacticalPort.Core.csproj" />
  <Project Path="TacticalPort.CombatRuntime.csproj" />
  <Project Path="Assembly-CSharp-firstpass.csproj" />
  <Project Path="TacticalPort.Shared.csproj" />
  <Project Path="TacticalPort.View.csproj" />
  <Project Path="TacticalPort.Editor.csproj" />
  <Project Path="TacticalPort.Data.csproj" />
  <Project Path="TacticalPort.App.Contracts.csproj" />
  <Project Path="TacticalPort.Menu.csproj" />
  <Project Path="TacticalPort.State.csproj" />
  <Project Path="Sirenix.OdinInspector.Modules.UnityMathematics.csproj" />
  <Project Path="TacticalPort.App.csproj" />
  <Project Path="Assembly-CSharp.csproj" />
</Solution>
